
Microsoft Visual Studio Solution File, Format Version 12.00
# Visual Studio Version 16
VisualStudioVersion = 16.0.30804.86
MinimumVisualStudioVersion = 10.0.40219.1
Project("{9A19103F-16F7-4668-BE54-9A1E7A4F7556}") = "Backsplashed.Core", "src\Backsplashed.Core\Backsplashed.Core.csproj", "{D73F1500-BACE-4B9E-8E59-AAE3E69AF78D}"
EndProject
Project("{9A19103F-16F7-4668-BE54-9A1E7A4F7556}") = "Backsplashed", "src\Backsplashed\Backsplashed.csproj", "{AD4F602A-853A-457F-88B1-E41A32559924}"
EndProject
Project("{C7167F0D-BC9F-4E6E-AFE1-012C56B48DB5}") = "Backsplashed.App", "src\Backsplashed.App\Backsplashed.App.wapproj", "{A1630982-F898-43C2-B8B0-4558160FB8D0}"
EndProject
Project("{FAE04EC0-301F-11D3-BF4B-00C04F79EFBC}") = "Backsplashed.UI", "src\Backsplashed.UI\Backsplashed.UI.csproj", "{5FD4BC69-2A9F-4B9E-8FA8-DD688A2791A9}"
EndProject
Project("{FAE04EC0-301F-11D3-BF4B-00C04F79EFBC}") = "Backsplashed.Interop", "src\Backsplashed.Interop\Backsplashed.Interop.csproj", "{69E8D16C-5EEF-4047-959F-59DFDDC63FC7}"
EndProject
Project("{FAE04EC0-301F-11D3-BF4B-00C04F79EFBC}") = "Backsplashed.UI.Embedded", "src\Backsplashed.UI.Embedded\Backsplashed.UI.Embedded.csproj", "{7194375A-C1D8-4CF3-BB68-4E889FA262FE}"
EndProject
Project("{FAE04EC0-301F-11D3-BF4B-00C04F79EFBC}") = "Backsplashed.SelfHost", "src\Backsplashed.SelfHost\Backsplashed.SelfHost.csproj", "{544BC270-5A2D-4D89-A268-B2D3EB415535}"
EndProject
Project("{2150E333-8FDC-42A3-9474-1A3956D46DE8}") = "Solution Items", "Solution Items", "{297C4E8C-FE96-4D7A-B7CC-33B91EBC6566}"
	ProjectSection(SolutionItems) = preProject
		README.md = README.md
	EndProjectSection
EndProject
Global
	GlobalSection(SolutionConfigurationPlatforms) = preSolution
		Debug|Any CPU = Debug|Any CPU
		Debug|ARM = Debug|ARM
		Debug|ARM64 = Debug|ARM64
		Debug|x64 = Debug|x64
		Debug|x86 = Debug|x86
		Release|Any CPU = Release|Any CPU
		Release|ARM = Release|ARM
		Release|ARM64 = Release|ARM64
		Release|x64 = Release|x64
		Release|x86 = Release|x86
	EndGlobalSection
	GlobalSection(ProjectConfigurationPlatforms) = postSolution
		{D73F1500-BACE-4B9E-8E59-AAE3E69AF78D}.Debug|Any CPU.ActiveCfg = Debug|Any CPU
		{D73F1500-BACE-4B9E-8E59-AAE3E69AF78D}.Debug|Any CPU.Build.0 = Debug|Any CPU
		{D73F1500-BACE-4B9E-8E59-AAE3E69AF78D}.Debug|ARM.ActiveCfg = Debug|Any CPU
		{D73F1500-BACE-4B9E-8E59-AAE3E69AF78D}.Debug|ARM.Build.0 = Debug|Any CPU
		{D73F1500-BACE-4B9E-8E59-AAE3E69AF78D}.Debug|ARM64.ActiveCfg = Debug|Any CPU
		{D73F1500-BACE-4B9E-8E59-AAE3E69AF78D}.Debug|ARM64.Build.0 = Debug|Any CPU
		{D73F1500-BACE-4B9E-8E59-AAE3E69AF78D}.Debug|x64.ActiveCfg = Debug|Any CPU
		{D73F1500-BACE-4B9E-8E59-AAE3E69AF78D}.Debug|x64.Build.0 = Debug|Any CPU
		{D73F1500-BACE-4B9E-8E59-AAE3E69AF78D}.Debug|x86.ActiveCfg = Debug|Any CPU
		{D73F1500-BACE-4B9E-8E59-AAE3E69AF78D}.Debug|x86.Build.0 = Debug|Any CPU
		{D73F1500-BACE-4B9E-8E59-AAE3E69AF78D}.Release|Any CPU.ActiveCfg = Release|Any CPU
		{D73F1500-BACE-4B9E-8E59-AAE3E69AF78D}.Release|Any CPU.Build.0 = Release|Any CPU
		{D73F1500-BACE-4B9E-8E59-AAE3E69AF78D}.Release|ARM.ActiveCfg = Release|Any CPU
		{D73F1500-BACE-4B9E-8E59-AAE3E69AF78D}.Release|ARM.Build.0 = Release|Any CPU
		{D73F1500-BACE-4B9E-8E59-AAE3E69AF78D}.Release|ARM64.ActiveCfg = Release|Any CPU
		{D73F1500-BACE-4B9E-8E59-AAE3E69AF78D}.Release|ARM64.Build.0 = Release|Any CPU
		{D73F1500-BACE-4B9E-8E59-AAE3E69AF78D}.Release|x64.ActiveCfg = Release|Any CPU
		{D73F1500-BACE-4B9E-8E59-AAE3E69AF78D}.Release|x64.Build.0 = Release|Any CPU
		{D73F1500-BACE-4B9E-8E59-AAE3E69AF78D}.Release|x86.ActiveCfg = Release|Any CPU
		{D73F1500-BACE-4B9E-8E59-AAE3E69AF78D}.Release|x86.Build.0 = Release|Any CPU
		{AD4F602A-853A-457F-88B1-E41A32559924}.Debug|Any CPU.ActiveCfg = Debug|Any CPU
		{AD4F602A-853A-457F-88B1-E41A32559924}.Debug|Any CPU.Build.0 = Debug|Any CPU
		{AD4F602A-853A-457F-88B1-E41A32559924}.Debug|ARM.ActiveCfg = Debug|Any CPU
		{AD4F602A-853A-457F-88B1-E41A32559924}.Debug|ARM.Build.0 = Debug|Any CPU
		{AD4F602A-853A-457F-88B1-E41A32559924}.Debug|ARM64.ActiveCfg = Debug|Any CPU
		{AD4F602A-853A-457F-88B1-E41A32559924}.Debug|ARM64.Build.0 = Debug|Any CPU
		{AD4F602A-853A-457F-88B1-E41A32559924}.Debug|x64.ActiveCfg = Debug|Any CPU
		{AD4F602A-853A-457F-88B1-E41A32559924}.Debug|x64.Build.0 = Debug|Any CPU
		{AD4F602A-853A-457F-88B1-E41A32559924}.Debug|x86.ActiveCfg = Debug|Any CPU
		{AD4F602A-853A-457F-88B1-E41A32559924}.Debug|x86.Build.0 = Debug|Any CPU
		{AD4F602A-853A-457F-88B1-E41A32559924}.Release|Any CPU.ActiveCfg = Release|Any CPU
		{AD4F602A-853A-457F-88B1-E41A32559924}.Release|Any CPU.Build.0 = Release|Any CPU
		{AD4F602A-853A-457F-88B1-E41A32559924}.Release|ARM.ActiveCfg = Release|Any CPU
		{AD4F602A-853A-457F-88B1-E41A32559924}.Release|ARM.Build.0 = Release|Any CPU
		{AD4F602A-853A-457F-88B1-E41A32559924}.Release|ARM64.ActiveCfg = Release|Any CPU
		{AD4F602A-853A-457F-88B1-E41A32559924}.Release|ARM64.Build.0 = Release|Any CPU
		{AD4F602A-853A-457F-88B1-E41A32559924}.Release|x64.ActiveCfg = Release|Any CPU
		{AD4F602A-853A-457F-88B1-E41A32559924}.Release|x64.Build.0 = Release|Any CPU
		{AD4F602A-853A-457F-88B1-E41A32559924}.Release|x86.ActiveCfg = Release|Any CPU
		{AD4F602A-853A-457F-88B1-E41A32559924}.Release|x86.Build.0 = Release|Any CPU
		{A1630982-F898-43C2-B8B0-4558160FB8D0}.Debug|Any CPU.ActiveCfg = Debug|x64
		{A1630982-F898-43C2-B8B0-4558160FB8D0}.Debug|Any CPU.Build.0 = Debug|x64
		{A1630982-F898-43C2-B8B0-4558160FB8D0}.Debug|Any CPU.Deploy.0 = Debug|x64
		{A1630982-F898-43C2-B8B0-4558160FB8D0}.Debug|ARM.ActiveCfg = Debug|ARM
		{A1630982-F898-43C2-B8B0-4558160FB8D0}.Debug|ARM.Build.0 = Debug|ARM
		{A1630982-F898-43C2-B8B0-4558160FB8D0}.Debug|ARM.Deploy.0 = Debug|ARM
		{A1630982-F898-43C2-B8B0-4558160FB8D0}.Debug|ARM64.ActiveCfg = Debug|ARM64
		{A1630982-F898-43C2-B8B0-4558160FB8D0}.Debug|ARM64.Build.0 = Debug|ARM64
		{A1630982-F898-43C2-B8B0-4558160FB8D0}.Debug|ARM64.Deploy.0 = Debug|ARM64
		{A1630982-F898-43C2-B8B0-4558160FB8D0}.Debug|x64.ActiveCfg = Debug|x64
		{A1630982-F898-43C2-B8B0-4558160FB8D0}.Debug|x64.Build.0 = Debug|x64
		{A1630982-F898-43C2-B8B0-4558160FB8D0}.Debug|x64.Deploy.0 = Debug|x64
		{A1630982-F898-43C2-B8B0-4558160FB8D0}.Debug|x86.ActiveCfg = Debug|x86
		{A1630982-F898-43C2-B8B0-4558160FB8D0}.Debug|x86.Build.0 = Debug|x86
		{A1630982-F898-43C2-B8B0-4558160FB8D0}.Debug|x86.Deploy.0 = Debug|x86
		{A1630982-F898-43C2-B8B0-4558160FB8D0}.Release|Any CPU.ActiveCfg = Release|Any CPU
		{A1630982-F898-43C2-B8B0-4558160FB8D0}.Release|Any CPU.Build.0 = Release|Any CPU
		{A1630982-F898-43C2-B8B0-4558160FB8D0}.Release|Any CPU.Deploy.0 = Release|Any CPU
		{A1630982-F898-43C2-B8B0-4558160FB8D0}.Release|ARM.ActiveCfg = Release|ARM
		{A1630982-F898-43C2-B8B0-4558160FB8D0}.Release|ARM.Build.0 = Release|ARM
		{A1630982-F898-43C2-B8B0-4558160FB8D0}.Release|ARM.Deploy.0 = Release|ARM
		{A1630982-F898-43C2-B8B0-4558160FB8D0}.Release|ARM64.ActiveCfg = Release|ARM64
		{A1630982-F898-43C2-B8B0-4558160FB8D0}.Release|ARM64.Build.0 = Release|ARM64
		{A1630982-F898-43C2-B8B0-4558160FB8D0}.Release|ARM64.Deploy.0 = Release|ARM64
		{A1630982-F898-43C2-B8B0-4558160FB8D0}.Release|x64.ActiveCfg = Release|x64
		{A1630982-F898-43C2-B8B0-4558160FB8D0}.Release|x64.Build.0 = Release|x64
		{A1630982-F898-43C2-B8B0-4558160FB8D0}.Release|x64.Deploy.0 = Release|x64
		{A1630982-F898-43C2-B8B0-4558160FB8D0}.Release|x86.ActiveCfg = Release|x86
		{A1630982-F898-43C2-B8B0-4558160FB8D0}.Release|x86.Build.0 = Release|x86
		{A1630982-F898-43C2-B8B0-4558160FB8D0}.Release|x86.Deploy.0 = Release|x86
		{5FD4BC69-2A9F-4B9E-8FA8-DD688A2791A9}.Debug|Any CPU.ActiveCfg = Debug|Any CPU
		{5FD4BC69-2A9F-4B9E-8FA8-DD688A2791A9}.Debug|Any CPU.Build.0 = Debug|Any CPU
		{5FD4BC69-2A9F-4B9E-8FA8-DD688A2791A9}.Debug|ARM.ActiveCfg = Debug|Any CPU
		{5FD4BC69-2A9F-4B9E-8FA8-DD688A2791A9}.Debug|ARM.Build.0 = Debug|Any CPU
		{5FD4BC69-2A9F-4B9E-8FA8-DD688A2791A9}.Debug|ARM64.ActiveCfg = Debug|Any CPU
		{5FD4BC69-2A9F-4B9E-8FA8-DD688A2791A9}.Debug|ARM64.Build.0 = Debug|Any CPU
		{5FD4BC69-2A9F-4B9E-8FA8-DD688A2791A9}.Debug|x64.ActiveCfg = Debug|Any CPU
		{5FD4BC69-2A9F-4B9E-8FA8-DD688A2791A9}.Debug|x64.Build.0 = Debug|Any CPU
		{5FD4BC69-2A9F-4B9E-8FA8-DD688A2791A9}.Debug|x86.ActiveCfg = Debug|Any CPU
		{5FD4BC69-2A9F-4B9E-8FA8-DD688A2791A9}.Debug|x86.Build.0 = Debug|Any CPU
		{5FD4BC69-2A9F-4B9E-8FA8-DD688A2791A9}.Release|Any CPU.ActiveCfg = Release|Any CPU
		{5FD4BC69-2A9F-4B9E-8FA8-DD688A2791A9}.Release|Any CPU.Build.0 = Release|Any CPU
		{5FD4BC69-2A9F-4B9E-8FA8-DD688A2791A9}.Release|ARM.ActiveCfg = Release|Any CPU
		{5FD4BC69-2A9F-4B9E-8FA8-DD688A2791A9}.Release|ARM.Build.0 = Release|Any CPU
		{5FD4BC69-2A9F-4B9E-8FA8-DD688A2791A9}.Release|ARM64.ActiveCfg = Release|Any CPU
		{5FD4BC69-2A9F-4B9E-8FA8-DD688A2791A9}.Release|ARM64.Build.0 = Release|Any CPU
		{5FD4BC69-2A9F-4B9E-8FA8-DD688A2791A9}.Release|x64.ActiveCfg = Release|Any CPU
		{5FD4BC69-2A9F-4B9E-8FA8-DD688A2791A9}.Release|x64.Build.0 = Release|Any CPU
		{5FD4BC69-2A9F-4B9E-8FA8-DD688A2791A9}.Release|x86.ActiveCfg = Release|Any CPU
		{5FD4BC69-2A9F-4B9E-8FA8-DD688A2791A9}.Release|x86.Build.0 = Release|Any CPU
		{69E8D16C-5EEF-4047-959F-59DFDDC63FC7}.Debug|Any CPU.ActiveCfg = Debug|Any CPU
		{69E8D16C-5EEF-4047-959F-59DFDDC63FC7}.Debug|Any CPU.Build.0 = Debug|Any CPU
		{69E8D16C-5EEF-4047-959F-59DFDDC63FC7}.Debug|ARM.ActiveCfg = Debug|Any CPU
		{69E8D16C-5EEF-4047-959F-59DFDDC63FC7}.Debug|ARM.Build.0 = Debug|Any CPU
		{69E8D16C-5EEF-4047-959F-59DFDDC63FC7}.Debug|ARM64.ActiveCfg = Debug|Any CPU
		{69E8D16C-5EEF-4047-959F-59DFDDC63FC7}.Debug|ARM64.Build.0 = Debug|Any CPU
		{69E8D16C-5EEF-4047-959F-59DFDDC63FC7}.Debug|x64.ActiveCfg = Debug|Any CPU
		{69E8D16C-5EEF-4047-959F-59DFDDC63FC7}.Debug|x64.Build.0 = Debug|Any CPU
		{69E8D16C-5EEF-4047-959F-59DFDDC63FC7}.Debug|x86.ActiveCfg = Debug|Any CPU
		{69E8D16C-5EEF-4047-959F-59DFDDC63FC7}.Debug|x86.Build.0 = Debug|Any CPU
		{69E8D16C-5EEF-4047-959F-59DFDDC63FC7}.Release|Any CPU.ActiveCfg = Release|Any CPU
		{69E8D16C-5EEF-4047-959F-59DFDDC63FC7}.Release|Any CPU.Build.0 = Release|Any CPU
		{69E8D16C-5EEF-4047-959F-59DFDDC63FC7}.Release|ARM.ActiveCfg = Release|Any CPU
		{69E8D16C-5EEF-4047-959F-59DFDDC63FC7}.Release|ARM.Build.0 = Release|Any CPU
		{69E8D16C-5EEF-4047-959F-59DFDDC63FC7}.Release|ARM64.ActiveCfg = Release|Any CPU
		{69E8D16C-5EEF-4047-959F-59DFDDC63FC7}.Release|ARM64.Build.0 = Release|Any CPU
		{69E8D16C-5EEF-4047-959F-59DFDDC63FC7}.Release|x64.ActiveCfg = Release|Any CPU
		{69E8D16C-5EEF-4047-959F-59DFDDC63FC7}.Release|x64.Build.0 = Release|Any CPU
		{69E8D16C-5EEF-4047-959F-59DFDDC63FC7}.Release|x86.ActiveCfg = Release|Any CPU
		{69E8D16C-5EEF-4047-959F-59DFDDC63FC7}.Release|x86.Build.0 = Release|Any CPU
		{7194375A-C1D8-4CF3-BB68-4E889FA262FE}.Debug|Any CPU.ActiveCfg = Debug|Any CPU
		{7194375A-C1D8-4CF3-BB68-4E889FA262FE}.Debug|Any CPU.Build.0 = Debug|Any CPU
		{7194375A-C1D8-4CF3-BB68-4E889FA262FE}.Debug|ARM.ActiveCfg = Debug|Any CPU
		{7194375A-C1D8-4CF3-BB68-4E889FA262FE}.Debug|ARM.Build.0 = Debug|Any CPU
		{7194375A-C1D8-4CF3-BB68-4E889FA262FE}.Debug|ARM64.ActiveCfg = Debug|Any CPU
		{7194375A-C1D8-4CF3-BB68-4E889FA262FE}.Debug|ARM64.Build.0 = Debug|Any CPU
		{7194375A-C1D8-4CF3-BB68-4E889FA262FE}.Debug|x64.ActiveCfg = Debug|Any CPU
		{7194375A-C1D8-4CF3-BB68-4E889FA262FE}.Debug|x64.Build.0 = Debug|Any CPU
		{7194375A-C1D8-4CF3-BB68-4E889FA262FE}.Debug|x86.ActiveCfg = Debug|Any CPU
		{7194375A-C1D8-4CF3-BB68-4E889FA262FE}.Debug|x86.Build.0 = Debug|Any CPU
		{7194375A-C1D8-4CF3-BB68-4E889FA262FE}.Release|Any CPU.ActiveCfg = Release|Any CPU
		{7194375A-C1D8-4CF3-BB68-4E889FA262FE}.Release|Any CPU.Build.0 = Release|Any CPU
		{7194375A-C1D8-4CF3-BB68-4E889FA262FE}.Release|ARM.ActiveCfg = Release|Any CPU
		{7194375A-C1D8-4CF3-BB68-4E889FA262FE}.Release|ARM.Build.0 = Release|Any CPU
		{7194375A-C1D8-4CF3-BB68-4E889FA262FE}.Release|ARM64.ActiveCfg = Release|Any CPU
		{7194375A-C1D8-4CF3-BB68-4E889FA262FE}.Release|ARM64.Build.0 = Release|Any CPU
		{7194375A-C1D8-4CF3-BB68-4E889FA262FE}.Release|x64.ActiveCfg = Release|Any CPU
		{7194375A-C1D8-4CF3-BB68-4E889FA262FE}.Release|x64.Build.0 = Release|Any CPU
		{7194375A-C1D8-4CF3-BB68-4E889FA262FE}.Release|x86.ActiveCfg = Release|Any CPU
		{7194375A-C1D8-4CF3-BB68-4E889FA262FE}.Release|x86.Build.0 = Release|Any CPU
		{544BC270-5A2D-4D89-A268-B2D3EB415535}.Debug|Any CPU.ActiveCfg = Debug|Any CPU
		{544BC270-5A2D-4D89-A268-B2D3EB415535}.Debug|Any CPU.Build.0 = Debug|Any CPU
		{544BC270-5A2D-4D89-A268-B2D3EB415535}.Debug|ARM.ActiveCfg = Debug|Any CPU
		{544BC270-5A2D-4D89-A268-B2D3EB415535}.Debug|ARM.Build.0 = Debug|Any CPU
		{544BC270-5A2D-4D89-A268-B2D3EB415535}.Debug|ARM64.ActiveCfg = Debug|Any CPU
		{544BC270-5A2D-4D89-A268-B2D3EB415535}.Debug|ARM64.Build.0 = Debug|Any CPU
		{544BC270-5A2D-4D89-A268-B2D3EB415535}.Debug|x64.ActiveCfg = Debug|Any CPU
		{544BC270-5A2D-4D89-A268-B2D3EB415535}.Debug|x64.Build.0 = Debug|Any CPU
		{544BC270-5A2D-4D89-A268-B2D3EB415535}.Debug|x86.ActiveCfg = Debug|Any CPU
		{544BC270-5A2D-4D89-A268-B2D3EB415535}.Debug|x86.Build.0 = Debug|Any CPU
		{544BC270-5A2D-4D89-A268-B2D3EB415535}.Release|Any CPU.ActiveCfg = Release|Any CPU
		{544BC270-5A2D-4D89-A268-B2D3EB415535}.Release|Any CPU.Build.0 = Release|Any CPU
		{544BC270-5A2D-4D89-A268-B2D3EB415535}.Release|ARM.ActiveCfg = Release|Any CPU
		{544BC270-5A2D-4D89-A268-B2D3EB415535}.Release|ARM.Build.0 = Release|Any CPU
		{544BC270-5A2D-4D89-A268-B2D3EB415535}.Release|ARM64.ActiveCfg = Release|Any CPU
		{544BC270-5A2D-4D89-A268-B2D3EB415535}.Release|ARM64.Build.0 = Release|Any CPU
		{544BC270-5A2D-4D89-A268-B2D3EB415535}.Release|x64.ActiveCfg = Release|Any CPU
		{544BC270-5A2D-4D89-A268-B2D3EB415535}.Release|x64.Build.0 = Release|Any CPU
		{544BC270-5A2D-4D89-A268-B2D3EB415535}.Release|x86.ActiveCfg = Release|Any CPU
		{544BC270-5A2D-4D89-A268-B2D3EB415535}.Release|x86.Build.0 = Release|Any CPU
	EndGlobalSection
	GlobalSection(SolutionProperties) = preSolution
		HideSolutionNode = FALSE
	EndGlobalSection
	GlobalSection(ExtensibilityGlobals) = postSolution
		SolutionGuid = {02EEC152-A463-4A38-8564-60F3390B5425}
	EndGlobalSection
EndGlobal
